
Microsoft Visual Studio Solution File, Format Version 12.00
# Visual Studio Version 17
VisualStudioVersion = 17.8.34408.163
MinimumVisualStudioVersion = 10.0.40219.1
Project("{FAE04EC0-301F-11D3-BF4B-00C04F79EFBC}") = "2212390_DNTKhanh_Lab2_VD1", "2212390_DNTKhanh_Lab2\2212390_DNTKhanh_Lab2_VD1.csproj", "{8BEADACE-6E7D-4613-B843-BA0382499B9C}"
EndProject
Project("{FAE04EC0-301F-11D3-BF4B-00C04F79EFBC}") = "2212390_DNTKhanh_Lab2_VD2", "2212390_DNTKhanh_Lab2_VD2\2212390_DNTKhanh_Lab2_VD2.csproj", "{E07E617A-DD16-4E86-BA6C-432B672D3AC9}"
EndProject
Global
	GlobalSection(SolutionConfigurationPlatforms) = preSolution
		Debug|Any CPU = Debug|Any CPU
		Release|Any CPU = Release|Any CPU
	EndGlobalSection
	GlobalSection(ProjectConfigurationPlatforms) = postSolution
		{8BEADACE-6E7D-4613-B843-BA0382499B9C}.Debug|Any CPU.ActiveCfg = Debug|Any CPU
		{8BEADACE-6E7D-4613-B843-BA0382499B9C}.Debug|Any CPU.Build.0 = Debug|Any CPU
		{8BEADACE-6E7D-4613-B843-BA0382499B9C}.Release|Any CPU.ActiveCfg = Release|Any CPU
		{8BEADACE-6E7D-4613-B843-BA0382499B9C}.Release|Any CPU.Build.0 = Release|Any CPU
		{E07E617A-DD16-4E86-BA6C-432B672D3AC9}.Debug|Any CPU.ActiveCfg = Debug|Any CPU
		{E07E617A-DD16-4E86-BA6C-432B672D3AC9}.Debug|Any CPU.Build.0 = Debug|Any CPU
		{E07E617A-DD16-4E86-BA6C-432B672D3AC9}.Release|Any CPU.ActiveCfg = Release|Any CPU
		{E07E617A-DD16-4E86-BA6C-432B672D3AC9}.Release|Any CPU.Build.0 = Release|Any CPU
	EndGlobalSection
	GlobalSection(SolutionProperties) = preSolution
		HideSolutionNode = FALSE
	EndGlobalSection
	GlobalSection(ExtensibilityGlobals) = postSolution
		SolutionGuid = {0BAAE707-31CF-43DC-A617-F45FE87B4D5D}
	EndGlobalSection
EndGlobal
